
Microsoft Visual Studio Solution File, Format Version 12.00
# Visual Studio Version 17
VisualStudioVersion = 17.8.34330.188
MinimumVisualStudioVersion = 10.0.40219.1
Project("{FAE04EC0-301F-11D3-BF4B-00C04F79EFBC}") = "bentran1vn.question.repository", "bentran1vn.question.repository\bentran1vn.question.repository.csproj", "{D082A423-376A-4CFB-9BA5-853ECCF34498}"
EndProject
Global
	GlobalSection(SolutionConfigurationPlatforms) = preSolution
		Debug|Any CPU = Debug|Any CPU
		Release|Any CPU = Release|Any CPU
	EndGlobalSection
	GlobalSection(ProjectConfigurationPlatforms) = postSolution
		{D082A423-376A-4CFB-9BA5-853ECCF34498}.Debug|Any CPU.ActiveCfg = Debug|Any CPU
		{D082A423-376A-4CFB-9BA5-853ECCF34498}.Debug|Any CPU.Build.0 = Debug|Any CPU
		{D082A423-376A-4CFB-9BA5-853ECCF34498}.Release|Any CPU.ActiveCfg = Release|Any CPU
		{D082A423-376A-4CFB-9BA5-853ECCF34498}.Release|Any CPU.Build.0 = Release|Any CPU
	EndGlobalSection
	GlobalSection(SolutionProperties) = preSolution
		HideSolutionNode = FALSE
	EndGlobalSection
	GlobalSection(ExtensibilityGlobals) = postSolution
		SolutionGuid = {C99786F4-ED9D-4583-A35F-986769664948}
	EndGlobalSection
EndGlobal
